
Microsoft Visual Studio Solution File, Format Version 12.00
# Visual Studio Version 17
VisualStudioVersion = 17.10.35201.131
MinimumVisualStudioVersion = 10.0.40219.1
Project("{FAE04EC0-301F-11D3-BF4B-00C04F79EFBC}") = "Auth_System_Web", "Auth_System_Web\Auth_System_Web.csproj", "{1301A8A9-575A-4DD4-8A9E-F49B51B9BEDB}"
EndProject
Global
	GlobalSection(SolutionConfigurationPlatforms) = preSolution
		Debug|Any CPU = Debug|Any CPU
		Release|Any CPU = Release|Any CPU
	EndGlobalSection
	GlobalSection(ProjectConfigurationPlatforms) = postSolution
		{1301A8A9-575A-4DD4-8A9E-F49B51B9BEDB}.Debug|Any CPU.ActiveCfg = Debug|Any CPU
		{1301A8A9-575A-4DD4-8A9E-F49B51B9BEDB}.Debug|Any CPU.Build.0 = Debug|Any CPU
		{1301A8A9-575A-4DD4-8A9E-F49B51B9BEDB}.Release|Any CPU.ActiveCfg = Release|Any CPU
		{1301A8A9-575A-4DD4-8A9E-F49B51B9BEDB}.Release|Any CPU.Build.0 = Release|Any CPU
	EndGlobalSection
	GlobalSection(SolutionProperties) = preSolution
		HideSolutionNode = FALSE
	EndGlobalSection
	GlobalSection(ExtensibilityGlobals) = postSolution
		SolutionGuid = {86305999-9CF0-468D-A82D-BA500081A941}
	EndGlobalSection
EndGlobal
